
Microsoft Visual Studio Solution File, Format Version 12.00
# Visual Studio 15
VisualStudioVersion = 15.0.27703.2047
MinimumVisualStudioVersion = 10.0.40219.1
Project("{FAE04EC0-301F-11D3-BF4B-00C04F79EFBC}") = "VistaConsola", "VistaConsola\VistaConsola.csproj", "{B610BC95-D725-4A44-A404-4B24A9F8A1E3}"
EndProject
Project("{FAE04EC0-301F-11D3-BF4B-00C04F79EFBC}") = "VistaForm", "VistaForm\VistaForm.csproj", "{1B04529E-E464-44EB-993C-74FE1DA9A0A8}"
EndProject
Project("{FAE04EC0-301F-11D3-BF4B-00C04F79EFBC}") = "Entidades", "ClassLibrary1\Entidades.csproj", "{10D271EA-7BF0-4E82-98E7-ACE87BFE0000}"
EndProject
Global
	GlobalSection(SolutionConfigurationPlatforms) = preSolution
		Debug|Any CPU = Debug|Any CPU
		Release|Any CPU = Release|Any CPU
	EndGlobalSection
	GlobalSection(ProjectConfigurationPlatforms) = postSolution
		{B610BC95-D725-4A44-A404-4B24A9F8A1E3}.Debug|Any CPU.ActiveCfg = Debug|Any CPU
		{B610BC95-D725-4A44-A404-4B24A9F8A1E3}.Debug|Any CPU.Build.0 = Debug|Any CPU
		{B610BC95-D725-4A44-A404-4B24A9F8A1E3}.Release|Any CPU.ActiveCfg = Release|Any CPU
		{B610BC95-D725-4A44-A404-4B24A9F8A1E3}.Release|Any CPU.Build.0 = Release|Any CPU
		{1B04529E-E464-44EB-993C-74FE1DA9A0A8}.Debug|Any CPU.ActiveCfg = Debug|Any CPU
		{1B04529E-E464-44EB-993C-74FE1DA9A0A8}.Debug|Any CPU.Build.0 = Debug|Any CPU
		{1B04529E-E464-44EB-993C-74FE1DA9A0A8}.Release|Any CPU.ActiveCfg = Release|Any CPU
		{1B04529E-E464-44EB-993C-74FE1DA9A0A8}.Release|Any CPU.Build.0 = Release|Any CPU
		{10D271EA-7BF0-4E82-98E7-ACE87BFE0000}.Debug|Any CPU.ActiveCfg = Debug|Any CPU
		{10D271EA-7BF0-4E82-98E7-ACE87BFE0000}.Debug|Any CPU.Build.0 = Debug|Any CPU
		{10D271EA-7BF0-4E82-98E7-ACE87BFE0000}.Release|Any CPU.ActiveCfg = Release|Any CPU
		{10D271EA-7BF0-4E82-98E7-ACE87BFE0000}.Release|Any CPU.Build.0 = Release|Any CPU
	EndGlobalSection
	GlobalSection(SolutionProperties) = preSolution
		HideSolutionNode = FALSE
	EndGlobalSection
	GlobalSection(ExtensibilityGlobals) = postSolution
		SolutionGuid = {2B32ED57-24DB-416C-87A0-3ECD620D96E9}
	EndGlobalSection
EndGlobal
